// !$*UTF8*$!
{
	archiveVersion = 1;
	classes = {
	};
	objectVersion = 77;
	objects = {

/* Begin PBXBuildFile section */
		2B0BC7BB2CAE72D400FD72D5 /* SoundManager.swift in Sources */ = {isa = PBXBuildFile; fileRef = 2B0BC7BA2CAE72D400FD72D5 /* SoundManager.swift */; };
		2B88610F2CBD2E720036C6DB /* JangdanDataSource.swift in Sources */ = {isa = PBXBuildFile; fileRef = 2B88610E2CBD2E720036C6DB /* JangdanDataSource.swift */; };
		2B8861112CBD2EF10036C6DB /* JangdanRepository.swift in Sources */ = {isa = PBXBuildFile; fileRef = 2B8861102CBD2EF10036C6DB /* JangdanRepository.swift */; };
		2B8861132CBD34D30036C6DB /* JangdanEnum.swift in Sources */ = {isa = PBXBuildFile; fileRef = 2B8861122CBD34D30036C6DB /* JangdanEnum.swift */; };
		2B8861172CC3E4850036C6DB /* HanbaeBoardView.swift in Sources */ = {isa = PBXBuildFile; fileRef = 2B8861162CC3E4850036C6DB /* HanbaeBoardView.swift */; };
		2B8861192CC3E61F0036C6DB /* BakBarView.swift in Sources */ = {isa = PBXBuildFile; fileRef = 2B8861182CC3E61F0036C6DB /* BakBarView.swift */; };
		2B88611B2CC3E62A0036C6DB /* BakBarSetView.swift in Sources */ = {isa = PBXBuildFile; fileRef = 2B88611A2CC3E62A0036C6DB /* BakBarSetView.swift */; };
		2B96F4912CD1302C00933DE2 /* MetronomeViewModel.swift in Sources */ = {isa = PBXBuildFile; fileRef = 2B96F4902CD1302C00933DE2 /* MetronomeViewModel.swift */; };
		2B96F4932CD131BD00933DE2 /* AccentEnum.swift in Sources */ = {isa = PBXBuildFile; fileRef = 2B96F4922CD131BD00933DE2 /* AccentEnum.swift */; };
		2BCA580E2CCF5F8700FA08A9 /* TapTapImplement.swift in Sources */ = {isa = PBXBuildFile; fileRef = 2BCA580D2CCF5F8700FA08A9 /* TapTapImplement.swift */; };
		2BCA58102CCF7CA600FA08A9 /* ReflectTempoInterface.swift in Sources */ = {isa = PBXBuildFile; fileRef = 2BCA580F2CCF7CA600FA08A9 /* ReflectTempoInterface.swift */; };
		2BE5ADE92CABC4570094F3C3 /* Preview Assets.xcassets in Resources */ = {isa = PBXBuildFile; fileRef = 2BE5ADDE2CABC4570094F3C3 /* Preview Assets.xcassets */; };
		2BE5ADEA2CABC4570094F3C3 /* Assets.xcassets in Resources */ = {isa = PBXBuildFile; fileRef = 2BE5ADE72CABC4570094F3C3 /* Assets.xcassets */; };
		2BE5ADF02CABC4570094F3C3 /* MacroApp.swift in Sources */ = {isa = PBXBuildFile; fileRef = 2BE5ADE22CABC4570094F3C3 /* MacroApp.swift */; };
		2BE5ADF52CABC45A0094F3C3 /* TempoUseCaseTests.swift in Sources */ = {isa = PBXBuildFile; fileRef = 2BE5ADF32CABC45A0094F3C3 /* TempoUseCaseTests.swift */; };
		2BE5ADF92CABC45D0094F3C3 /* MacroUITests.swift in Sources */ = {isa = PBXBuildFile; fileRef = 2BE5ADF62CABC45D0094F3C3 /* MacroUITests.swift */; };
		2BE5ADFA2CABC45D0094F3C3 /* MacroUITestsLaunchTests.swift in Sources */ = {isa = PBXBuildFile; fileRef = 2BE5ADF72CABC45D0094F3C3 /* MacroUITestsLaunchTests.swift */; };
		2BE5ADFC2CAC118F0094F3C3 /* MetronomeOnOffUseCase.swift in Sources */ = {isa = PBXBuildFile; fileRef = 2BE5ADFB2CAC118F0094F3C3 /* MetronomeOnOffUseCase.swift */; };
		2BE5AE022CAC289C0094F3C3 /* PlaySoundInterface.swift in Sources */ = {isa = PBXBuildFile; fileRef = 2BE5AE012CAC289C0094F3C3 /* PlaySoundInterface.swift */; };
		3C1DB7092CABDA2400160970 /* JangdanEntity.swift in Sources */ = {isa = PBXBuildFile; fileRef = 3C1DB7082CABDA2400160970 /* JangdanEntity.swift */; };
		3C1DB7322CB3B58500160970 /* AccentUseCase.swift in Sources */ = {isa = PBXBuildFile; fileRef = 3C1DB7312CB3B58500160970 /* AccentUseCase.swift */; };
		3C3D70DF2CBF9FCB002A35AB /* beep_weak.wav in Resources */ = {isa = PBXBuildFile; fileRef = 3C3D70DE2CBF9FCB002A35AB /* beep_weak.wav */; };
		3C3D70E02CBF9FCB002A35AB /* beep_medium.wav in Resources */ = {isa = PBXBuildFile; fileRef = 3C3D70DC2CBF9FCB002A35AB /* beep_medium.wav */; };
		3C3D70E12CBF9FCB002A35AB /* beep_strong.wav in Resources */ = {isa = PBXBuildFile; fileRef = 3C3D70DD2CBF9FCB002A35AB /* beep_strong.wav */; };
		3C5794412CCF62EE00AE647B /* JinYangHanbaeBoardView.swift in Sources */ = {isa = PBXBuildFile; fileRef = 3C5794402CCF62EE00AE647B /* JinYangHanbaeBoardView.swift */; };
		3C57946D2CDCD6BF00AE647B /* DIContainer.swift in Sources */ = {isa = PBXBuildFile; fileRef = 3C57946C2CDCD6BF00AE647B /* DIContainer.swift */; };
		3C6EAFA22CDD1061003F2191 /* TapTapUseCase.swift in Sources */ = {isa = PBXBuildFile; fileRef = 3C6EAFA12CDD1061003F2191 /* TapTapUseCase.swift */; };
		3C6EAFA42CDD1146003F2191 /* TemplateUseCase.swift in Sources */ = {isa = PBXBuildFile; fileRef = 3C6EAFA32CDD1146003F2191 /* TemplateUseCase.swift */; };
		3CC5C6162CC6B70E0090BA1F /* DaebakPendulumView.swift in Sources */ = {isa = PBXBuildFile; fileRef = 3CC5C6152CC6B70E0090BA1F /* DaebakPendulumView.swift */; };
		43774F532CB7C10E00F54EF7 /* Pretendard-Medium.otf in Resources */ = {isa = PBXBuildFile; fileRef = 43774F522CB7C10E00F54EF7 /* Pretendard-Medium.otf */; };
		43774F572CB7C11D00F54EF7 /* Pretendard-Regular.otf in Resources */ = {isa = PBXBuildFile; fileRef = 43774F552CB7C11D00F54EF7 /* Pretendard-Regular.otf */; };
		43774F582CB7C11D00F54EF7 /* Pretendard-Bold.otf in Resources */ = {isa = PBXBuildFile; fileRef = 43774F542CB7C11D00F54EF7 /* Pretendard-Bold.otf */; };
		43774F592CB7C11D00F54EF7 /* Pretendard-SemiBold.otf in Resources */ = {isa = PBXBuildFile; fileRef = 43774F562CB7C11D00F54EF7 /* Pretendard-SemiBold.otf */; };
		43774F5C2CB7C1D000F54EF7 /* Font+Extension.swift in Sources */ = {isa = PBXBuildFile; fileRef = 43774F5B2CB7C1C400F54EF7 /* Font+Extension.swift */; };
		43774F632CB7EE0C00F54EF7 /* JangdanSelectView.swift in Sources */ = {isa = PBXBuildFile; fileRef = 43774F622CB7EE0C00F54EF7 /* JangdanSelectView.swift */; };
		43774F652CB7FD5300F54EF7 /* MetronomeView.swift in Sources */ = {isa = PBXBuildFile; fileRef = 43774F642CB7FD5300F54EF7 /* MetronomeView.swift */; };
		438226DF2CAE84A0007A3B23 /* TempoUseCase.swift in Sources */ = {isa = PBXBuildFile; fileRef = 438226DE2CAE8494007A3B23 /* TempoUseCase.swift */; };
		438226E12CAEC728007A3B23 /* TemplateImplement.swift in Sources */ = {isa = PBXBuildFile; fileRef = 438226E02CAEC720007A3B23 /* TemplateImplement.swift */; };
		439ABF082CB8220B003F6343 /* SobakToggleView.swift in Sources */ = {isa = PBXBuildFile; fileRef = 439ABF072CB8220B003F6343 /* SobakToggleView.swift */; };
		439ABF0A2CB825AE003F6343 /* MetronomeControlView.swift in Sources */ = {isa = PBXBuildFile; fileRef = 439ABF092CB825AE003F6343 /* MetronomeControlView.swift */; };
		439ABF0C2CB90E11003F6343 /* JangdanSelectSheetView.swift in Sources */ = {isa = PBXBuildFile; fileRef = 439ABF0B2CB90E11003F6343 /* JangdanSelectSheetView.swift */; };
/* End PBXBuildFile section */

/* Begin PBXContainerItemProxy section */
		2BE5AD492C9EC9040094F3C3 /* PBXContainerItemProxy */ = {
			isa = PBXContainerItemProxy;
			containerPortal = 2BE5AD302C9EC9030094F3C3 /* Project object */;
			proxyType = 1;
			remoteGlobalIDString = 2BE5AD372C9EC9030094F3C3;
			remoteInfo = Macro;
		};
		2BE5AD532C9EC9040094F3C3 /* PBXContainerItemProxy */ = {
			isa = PBXContainerItemProxy;
			containerPortal = 2BE5AD302C9EC9030094F3C3 /* Project object */;
			proxyType = 1;
			remoteGlobalIDString = 2BE5AD372C9EC9030094F3C3;
			remoteInfo = Macro;
		};
/* End PBXContainerItemProxy section */

/* Begin PBXFileReference section */
		2B0BC7BA2CAE72D400FD72D5 /* SoundManager.swift */ = {isa = PBXFileReference; lastKnownFileType = sourcecode.swift; path = SoundManager.swift; sourceTree = "<group>"; };
		2B88610E2CBD2E720036C6DB /* JangdanDataSource.swift */ = {isa = PBXFileReference; lastKnownFileType = sourcecode.swift; path = JangdanDataSource.swift; sourceTree = "<group>"; };
		2B8861102CBD2EF10036C6DB /* JangdanRepository.swift */ = {isa = PBXFileReference; lastKnownFileType = sourcecode.swift; path = JangdanRepository.swift; sourceTree = "<group>"; };
		2B8861122CBD34D30036C6DB /* JangdanEnum.swift */ = {isa = PBXFileReference; lastKnownFileType = sourcecode.swift; path = JangdanEnum.swift; sourceTree = "<group>"; };
		2B8861162CC3E4850036C6DB /* HanbaeBoardView.swift */ = {isa = PBXFileReference; lastKnownFileType = sourcecode.swift; path = HanbaeBoardView.swift; sourceTree = "<group>"; };
		2B8861182CC3E61F0036C6DB /* BakBarView.swift */ = {isa = PBXFileReference; lastKnownFileType = sourcecode.swift; path = BakBarView.swift; sourceTree = "<group>"; };
		2B88611A2CC3E62A0036C6DB /* BakBarSetView.swift */ = {isa = PBXFileReference; lastKnownFileType = sourcecode.swift; path = BakBarSetView.swift; sourceTree = "<group>"; };
		2B96F4902CD1302C00933DE2 /* MetronomeViewModel.swift */ = {isa = PBXFileReference; lastKnownFileType = sourcecode.swift; path = MetronomeViewModel.swift; sourceTree = "<group>"; };
		2B96F4922CD131BD00933DE2 /* AccentEnum.swift */ = {isa = PBXFileReference; lastKnownFileType = sourcecode.swift; path = AccentEnum.swift; sourceTree = "<group>"; };
		2BCA580D2CCF5F8700FA08A9 /* TapTapImplement.swift */ = {isa = PBXFileReference; lastKnownFileType = sourcecode.swift; path = TapTapImplement.swift; sourceTree = "<group>"; };
		2BCA580F2CCF7CA600FA08A9 /* ReflectTempoInterface.swift */ = {isa = PBXFileReference; lastKnownFileType = sourcecode.swift; path = ReflectTempoInterface.swift; sourceTree = "<group>"; };
		2BE5AD382C9EC9030094F3C3 /* Macro.app */ = {isa = PBXFileReference; explicitFileType = wrapper.application; includeInIndex = 0; path = Macro.app; sourceTree = BUILT_PRODUCTS_DIR; };
		2BE5AD482C9EC9040094F3C3 /* MacroTests.xctest */ = {isa = PBXFileReference; explicitFileType = wrapper.cfbundle; includeInIndex = 0; path = MacroTests.xctest; sourceTree = BUILT_PRODUCTS_DIR; };
		2BE5AD522C9EC9040094F3C3 /* MacroUITests.xctest */ = {isa = PBXFileReference; explicitFileType = wrapper.cfbundle; includeInIndex = 0; path = MacroUITests.xctest; sourceTree = BUILT_PRODUCTS_DIR; };
		2BE5ADDE2CABC4570094F3C3 /* Preview Assets.xcassets */ = {isa = PBXFileReference; lastKnownFileType = folder.assetcatalog; path = "Preview Assets.xcassets"; sourceTree = "<group>"; };
		2BE5ADE22CABC4570094F3C3 /* MacroApp.swift */ = {isa = PBXFileReference; lastKnownFileType = sourcecode.swift; path = MacroApp.swift; sourceTree = "<group>"; };
		2BE5ADE72CABC4570094F3C3 /* Assets.xcassets */ = {isa = PBXFileReference; lastKnownFileType = folder.assetcatalog; path = Assets.xcassets; sourceTree = "<group>"; };
		2BE5ADF32CABC45A0094F3C3 /* TempoUseCaseTests.swift */ = {isa = PBXFileReference; lastKnownFileType = sourcecode.swift; path = TempoUseCaseTests.swift; sourceTree = "<group>"; };
		2BE5ADF62CABC45D0094F3C3 /* MacroUITests.swift */ = {isa = PBXFileReference; lastKnownFileType = sourcecode.swift; path = MacroUITests.swift; sourceTree = "<group>"; };
		2BE5ADF72CABC45D0094F3C3 /* MacroUITestsLaunchTests.swift */ = {isa = PBXFileReference; lastKnownFileType = sourcecode.swift; path = MacroUITestsLaunchTests.swift; sourceTree = "<group>"; };
		2BE5ADFB2CAC118F0094F3C3 /* MetronomeOnOffUseCase.swift */ = {isa = PBXFileReference; lastKnownFileType = sourcecode.swift; path = MetronomeOnOffUseCase.swift; sourceTree = "<group>"; };
		2BE5AE012CAC289C0094F3C3 /* PlaySoundInterface.swift */ = {isa = PBXFileReference; lastKnownFileType = sourcecode.swift; path = PlaySoundInterface.swift; sourceTree = "<group>"; };
		3C1DB7082CABDA2400160970 /* JangdanEntity.swift */ = {isa = PBXFileReference; lastKnownFileType = sourcecode.swift; path = JangdanEntity.swift; sourceTree = "<group>"; };
		3C1DB7312CB3B58500160970 /* AccentUseCase.swift */ = {isa = PBXFileReference; lastKnownFileType = sourcecode.swift; path = AccentUseCase.swift; sourceTree = "<group>"; };
		3C3D70DC2CBF9FCB002A35AB /* beep_medium.wav */ = {isa = PBXFileReference; lastKnownFileType = audio.wav; path = beep_medium.wav; sourceTree = "<group>"; };
		3C3D70DD2CBF9FCB002A35AB /* beep_strong.wav */ = {isa = PBXFileReference; lastKnownFileType = audio.wav; path = beep_strong.wav; sourceTree = "<group>"; };
		3C3D70DE2CBF9FCB002A35AB /* beep_weak.wav */ = {isa = PBXFileReference; lastKnownFileType = audio.wav; path = beep_weak.wav; sourceTree = "<group>"; };
		3C5794402CCF62EE00AE647B /* JinYangHanbaeBoardView.swift */ = {isa = PBXFileReference; lastKnownFileType = sourcecode.swift; path = JinYangHanbaeBoardView.swift; sourceTree = "<group>"; };
		3C57946C2CDCD6BF00AE647B /* DIContainer.swift */ = {isa = PBXFileReference; lastKnownFileType = sourcecode.swift; path = DIContainer.swift; sourceTree = "<group>"; };
		3C6EAFA12CDD1061003F2191 /* TapTapUseCase.swift */ = {isa = PBXFileReference; lastKnownFileType = sourcecode.swift; path = TapTapUseCase.swift; sourceTree = "<group>"; };
		3C6EAFA32CDD1146003F2191 /* TemplateUseCase.swift */ = {isa = PBXFileReference; lastKnownFileType = sourcecode.swift; path = TemplateUseCase.swift; sourceTree = "<group>"; };
		3CC5C6152CC6B70E0090BA1F /* DaebakPendulumView.swift */ = {isa = PBXFileReference; lastKnownFileType = sourcecode.swift; path = DaebakPendulumView.swift; sourceTree = "<group>"; };
		43774F522CB7C10E00F54EF7 /* Pretendard-Medium.otf */ = {isa = PBXFileReference; lastKnownFileType = file; path = "Pretendard-Medium.otf"; sourceTree = "<group>"; };
		43774F542CB7C11D00F54EF7 /* Pretendard-Bold.otf */ = {isa = PBXFileReference; lastKnownFileType = file; path = "Pretendard-Bold.otf"; sourceTree = "<group>"; };
		43774F552CB7C11D00F54EF7 /* Pretendard-Regular.otf */ = {isa = PBXFileReference; lastKnownFileType = file; path = "Pretendard-Regular.otf"; sourceTree = "<group>"; };
		43774F562CB7C11D00F54EF7 /* Pretendard-SemiBold.otf */ = {isa = PBXFileReference; lastKnownFileType = file; path = "Pretendard-SemiBold.otf"; sourceTree = "<group>"; };
		43774F5A2CB7C12D00F54EF7 /* Info.plist */ = {isa = PBXFileReference; lastKnownFileType = text.plist; path = Info.plist; sourceTree = "<group>"; };
		43774F5B2CB7C1C400F54EF7 /* Font+Extension.swift */ = {isa = PBXFileReference; lastKnownFileType = sourcecode.swift; path = "Font+Extension.swift"; sourceTree = "<group>"; };
		43774F622CB7EE0C00F54EF7 /* JangdanSelectView.swift */ = {isa = PBXFileReference; lastKnownFileType = sourcecode.swift; path = JangdanSelectView.swift; sourceTree = "<group>"; };
		43774F642CB7FD5300F54EF7 /* MetronomeView.swift */ = {isa = PBXFileReference; lastKnownFileType = sourcecode.swift; path = MetronomeView.swift; sourceTree = "<group>"; };
		438226DE2CAE8494007A3B23 /* TempoUseCase.swift */ = {isa = PBXFileReference; lastKnownFileType = sourcecode.swift; path = TempoUseCase.swift; sourceTree = "<group>"; };
		438226E02CAEC720007A3B23 /* TemplateImplement.swift */ = {isa = PBXFileReference; lastKnownFileType = sourcecode.swift; path = TemplateImplement.swift; sourceTree = "<group>"; };
		439ABF072CB8220B003F6343 /* SobakToggleView.swift */ = {isa = PBXFileReference; lastKnownFileType = sourcecode.swift; path = SobakToggleView.swift; sourceTree = "<group>"; };
		439ABF092CB825AE003F6343 /* MetronomeControlView.swift */ = {isa = PBXFileReference; lastKnownFileType = sourcecode.swift; path = MetronomeControlView.swift; sourceTree = "<group>"; };
		439ABF0B2CB90E11003F6343 /* JangdanSelectSheetView.swift */ = {isa = PBXFileReference; lastKnownFileType = sourcecode.swift; path = JangdanSelectSheetView.swift; sourceTree = "<group>"; };
/* End PBXFileReference section */

/* Begin PBXFrameworksBuildPhase section */
		2BE5AD352C9EC9030094F3C3 /* Frameworks */ = {
			isa = PBXFrameworksBuildPhase;
			buildActionMask = 2147483647;
			files = (
			);
			runOnlyForDeploymentPostprocessing = 0;
		};
		2BE5AD452C9EC9040094F3C3 /* Frameworks */ = {
			isa = PBXFrameworksBuildPhase;
			buildActionMask = 2147483647;
			files = (
			);
			runOnlyForDeploymentPostprocessing = 0;
		};
		2BE5AD4F2C9EC9040094F3C3 /* Frameworks */ = {
			isa = PBXFrameworksBuildPhase;
			buildActionMask = 2147483647;
			files = (
			);
			runOnlyForDeploymentPostprocessing = 0;
		};
/* End PBXFrameworksBuildPhase section */

/* Begin PBXGroup section */
		2B96F48D2CD12D3B00933DE2 /* Asset */ = {
			isa = PBXGroup;
			children = (
				2BE5ADDF2CABC4570094F3C3 /* Preview Content */,
				2BE5ADE72CABC4570094F3C3 /* Assets.xcassets */,
			);
			path = Asset;
			sourceTree = "<group>";
		};
		2B96F48E2CD12D5E00933DE2 /* Sound */ = {
			isa = PBXGroup;
			children = (
				3C3D70DC2CBF9FCB002A35AB /* beep_medium.wav */,
				3C3D70DD2CBF9FCB002A35AB /* beep_strong.wav */,
				3C3D70DE2CBF9FCB002A35AB /* beep_weak.wav */,
			);
			path = Sound;
			sourceTree = "<group>";
		};
		2B96F48F2CD1301E00933DE2 /* ViewModel */ = {
			isa = PBXGroup;
			children = (
				2B96F4902CD1302C00933DE2 /* MetronomeViewModel.swift */,
			);
			path = ViewModel;
			sourceTree = "<group>";
		};
		2B9E88E52CDB864700B33A56 /* Repository */ = {
			isa = PBXGroup;
			children = (
				2B8861102CBD2EF10036C6DB /* JangdanRepository.swift */,
			);
			path = Repository;
			sourceTree = "<group>";
		};
		2BE5AD2F2C9EC9030094F3C3 = {
			isa = PBXGroup;
			children = (
				2BE5ADE82CABC4570094F3C3 /* Macro */,
				2BE5ADF42CABC45A0094F3C3 /* MacroTests */,
				2BE5ADF82CABC45D0094F3C3 /* MacroUITests */,
				2BE5AD392C9EC9030094F3C3 /* Products */,
			);
			sourceTree = "<group>";
		};
		2BE5AD392C9EC9030094F3C3 /* Products */ = {
			isa = PBXGroup;
			children = (
				2BE5AD382C9EC9030094F3C3 /* Macro.app */,
				2BE5AD482C9EC9040094F3C3 /* MacroTests.xctest */,
				2BE5AD522C9EC9040094F3C3 /* MacroUITests.xctest */,
			);
			name = Products;
			sourceTree = "<group>";
		};
		2BE5ADD62CABC4570094F3C3 /* Entity */ = {
			isa = PBXGroup;
			children = (
				3C1DB7082CABDA2400160970 /* JangdanEntity.swift */,
				2B8861122CBD34D30036C6DB /* JangdanEnum.swift */,
				2B96F4922CD131BD00933DE2 /* AccentEnum.swift */,
			);
			path = Entity;
			sourceTree = "<group>";
		};
		2BE5ADD82CABC4570094F3C3 /* Interface */ = {
			isa = PBXGroup;
			children = (
				2BE5AE012CAC289C0094F3C3 /* PlaySoundInterface.swift */,
				2BCA580F2CCF7CA600FA08A9 /* ReflectTempoInterface.swift */,
				3C6EAFA12CDD1061003F2191 /* TapTapUseCase.swift */,
				3C6EAFA32CDD1146003F2191 /* TemplateUseCase.swift */,
			);
			path = Interface;
			sourceTree = "<group>";
		};
		2BE5ADDA2CABC4570094F3C3 /* UseCase */ = {
			isa = PBXGroup;
			children = (
				2B9E88E52CDB864700B33A56 /* Repository */,
				2BE5ADD82CABC4570094F3C3 /* Interface */,
				438226E02CAEC720007A3B23 /* TemplateImplement.swift */,
				438226DE2CAE8494007A3B23 /* TempoUseCase.swift */,
				2BE5ADFB2CAC118F0094F3C3 /* MetronomeOnOffUseCase.swift */,
				3C1DB7312CB3B58500160970 /* AccentUseCase.swift */,
				2BCA580D2CCF5F8700FA08A9 /* TapTapImplement.swift */,
			);
			path = UseCase;
			sourceTree = "<group>";
		};
		2BE5ADDB2CABC4570094F3C3 /* Domain */ = {
			isa = PBXGroup;
			children = (
				2BE5ADD62CABC4570094F3C3 /* Entity */,
				2BE5ADDA2CABC4570094F3C3 /* UseCase */,
			);
			path = Domain;
			sourceTree = "<group>";
		};
		2BE5ADDD2CABC4570094F3C3 /* Extensions */ = {
			isa = PBXGroup;
			children = (
				43774F5B2CB7C1C400F54EF7 /* Font+Extension.swift */,
			);
			path = Extensions;
			sourceTree = "<group>";
		};
		2BE5ADDF2CABC4570094F3C3 /* Preview Content */ = {
			isa = PBXGroup;
			children = (
				2BE5ADDE2CABC4570094F3C3 /* Preview Assets.xcassets */,
			);
			path = "Preview Content";
			sourceTree = "<group>";
		};
		2BE5ADE12CABC4570094F3C3 /* Service */ = {
			isa = PBXGroup;
			children = (
				2B0BC7BA2CAE72D400FD72D5 /* SoundManager.swift */,
				2B88610E2CBD2E720036C6DB /* JangdanDataSource.swift */,
			);
			path = Service;
			sourceTree = "<group>";
		};
		2BE5ADE32CABC4570094F3C3 /* System */ = {
			isa = PBXGroup;
			children = (
				2BE5ADE22CABC4570094F3C3 /* MacroApp.swift */,
				3C57946C2CDCD6BF00AE647B /* DIContainer.swift */,
			);
			path = System;
			sourceTree = "<group>";
		};
		2BE5ADE82CABC4570094F3C3 /* Macro */ = {
			isa = PBXGroup;
			children = (
				43774F5A2CB7C12D00F54EF7 /* Info.plist */,
				2BE5ADE32CABC4570094F3C3 /* System */,
				43774F502CB7BFF800F54EF7 /* Resources */,
				2BE5ADDB2CABC4570094F3C3 /* Domain */,
				2BE5ADE12CABC4570094F3C3 /* Service */,
				43774F5D2CB7ED4800F54EF7 /* Screen */,
				2BE5ADDD2CABC4570094F3C3 /* Extensions */,
			);
			path = Macro;
			sourceTree = "<group>";
		};
		2BE5ADF42CABC45A0094F3C3 /* MacroTests */ = {
			isa = PBXGroup;
			children = (
				2BE5ADF32CABC45A0094F3C3 /* TempoUseCaseTests.swift */,
			);
			path = MacroTests;
			sourceTree = "<group>";
		};
		2BE5ADF82CABC45D0094F3C3 /* MacroUITests */ = {
			isa = PBXGroup;
			children = (
				2BE5ADF62CABC45D0094F3C3 /* MacroUITests.swift */,
				2BE5ADF72CABC45D0094F3C3 /* MacroUITestsLaunchTests.swift */,
			);
			path = MacroUITests;
			sourceTree = "<group>";
		};
		43774F502CB7BFF800F54EF7 /* Resources */ = {
			isa = PBXGroup;
			children = (
				2B96F48D2CD12D3B00933DE2 /* Asset */,
				43774F512CB7C00000F54EF7 /* Font */,
				2B96F48E2CD12D5E00933DE2 /* Sound */,
			);
			path = Resources;
			sourceTree = "<group>";
		};
		43774F512CB7C00000F54EF7 /* Font */ = {
			isa = PBXGroup;
			children = (
				43774F522CB7C10E00F54EF7 /* Pretendard-Medium.otf */,
				43774F542CB7C11D00F54EF7 /* Pretendard-Bold.otf */,
				43774F552CB7C11D00F54EF7 /* Pretendard-Regular.otf */,
				43774F562CB7C11D00F54EF7 /* Pretendard-SemiBold.otf */,
			);
			path = Font;
			sourceTree = "<group>";
		};
		43774F5D2CB7ED4800F54EF7 /* Screen */ = {
			isa = PBXGroup;
			children = (
				43774F612CB7EDB100F54EF7 /* MetronomeScreen */,
				43774F602CB7EDA300F54EF7 /* JangdanSelectScreen */,
			);
			path = Screen;
			sourceTree = "<group>";
		};
		43774F602CB7EDA300F54EF7 /* JangdanSelectScreen */ = {
			isa = PBXGroup;
			children = (
				43774F622CB7EE0C00F54EF7 /* JangdanSelectView.swift */,
			);
			path = JangdanSelectScreen;
			sourceTree = "<group>";
		};
		43774F612CB7EDB100F54EF7 /* MetronomeScreen */ = {
			isa = PBXGroup;
			children = (
				2B96F48F2CD1301E00933DE2 /* ViewModel */,
				2B8861182CC3E61F0036C6DB /* BakBarView.swift */,
				2B88611A2CC3E62A0036C6DB /* BakBarSetView.swift */,
				2B8861162CC3E4850036C6DB /* HanbaeBoardView.swift */,
				3C5794402CCF62EE00AE647B /* JinYangHanbaeBoardView.swift */,
				43774F642CB7FD5300F54EF7 /* MetronomeView.swift */,
				439ABF072CB8220B003F6343 /* SobakToggleView.swift */,
				439ABF092CB825AE003F6343 /* MetronomeControlView.swift */,
				439ABF0B2CB90E11003F6343 /* JangdanSelectSheetView.swift */,
				3CC5C6152CC6B70E0090BA1F /* DaebakPendulumView.swift */,
			);
			path = MetronomeScreen;
			sourceTree = "<group>";
		};
/* End PBXGroup section */

/* Begin PBXNativeTarget section */
		2BE5AD372C9EC9030094F3C3 /* Macro */ = {
			isa = PBXNativeTarget;
			buildConfigurationList = 2BE5AD5C2C9EC9040094F3C3 /* Build configuration list for PBXNativeTarget "Macro" */;
			buildPhases = (
				2BE5AD342C9EC9030094F3C3 /* Sources */,
				2BE5AD352C9EC9030094F3C3 /* Frameworks */,
				2BE5AD362C9EC9030094F3C3 /* Resources */,
			);
			buildRules = (
			);
			dependencies = (
			);
			name = Macro;
			packageProductDependencies = (
			);
			productName = Macro;
			productReference = 2BE5AD382C9EC9030094F3C3 /* Macro.app */;
			productType = "com.apple.product-type.application";
		};
		2BE5AD472C9EC9040094F3C3 /* MacroTests */ = {
			isa = PBXNativeTarget;
			buildConfigurationList = 2BE5AD5F2C9EC9040094F3C3 /* Build configuration list for PBXNativeTarget "MacroTests" */;
			buildPhases = (
				2BE5AD442C9EC9040094F3C3 /* Sources */,
				2BE5AD452C9EC9040094F3C3 /* Frameworks */,
				2BE5AD462C9EC9040094F3C3 /* Resources */,
			);
			buildRules = (
			);
			dependencies = (
				2BE5AD4A2C9EC9040094F3C3 /* PBXTargetDependency */,
			);
			name = MacroTests;
			packageProductDependencies = (
			);
			productName = MacroTests;
			productReference = 2BE5AD482C9EC9040094F3C3 /* MacroTests.xctest */;
			productType = "com.apple.product-type.bundle.unit-test";
		};
		2BE5AD512C9EC9040094F3C3 /* MacroUITests */ = {
			isa = PBXNativeTarget;
			buildConfigurationList = 2BE5AD622C9EC9040094F3C3 /* Build configuration list for PBXNativeTarget "MacroUITests" */;
			buildPhases = (
				2BE5AD4E2C9EC9040094F3C3 /* Sources */,
				2BE5AD4F2C9EC9040094F3C3 /* Frameworks */,
				2BE5AD502C9EC9040094F3C3 /* Resources */,
			);
			buildRules = (
			);
			dependencies = (
				2BE5AD542C9EC9040094F3C3 /* PBXTargetDependency */,
			);
			name = MacroUITests;
			packageProductDependencies = (
			);
			productName = MacroUITests;
			productReference = 2BE5AD522C9EC9040094F3C3 /* MacroUITests.xctest */;
			productType = "com.apple.product-type.bundle.ui-testing";
		};
/* End PBXNativeTarget section */

/* Begin PBXProject section */
		2BE5AD302C9EC9030094F3C3 /* Project object */ = {
			isa = PBXProject;
			attributes = {
				BuildIndependentTargetsInParallel = 1;
				LastSwiftUpdateCheck = 1600;
				LastUpgradeCheck = 1600;
				TargetAttributes = {
					2BE5AD372C9EC9030094F3C3 = {
						CreatedOnToolsVersion = 16.0;
					};
					2BE5AD472C9EC9040094F3C3 = {
						CreatedOnToolsVersion = 16.0;
						TestTargetID = 2BE5AD372C9EC9030094F3C3;
					};
					2BE5AD512C9EC9040094F3C3 = {
						CreatedOnToolsVersion = 16.0;
						TestTargetID = 2BE5AD372C9EC9030094F3C3;
					};
				};
			};
			buildConfigurationList = 2BE5AD332C9EC9030094F3C3 /* Build configuration list for PBXProject "Macro" */;
			developmentRegion = ko;
			hasScannedForEncodings = 0;
			knownRegions = (
				ko,
				Base,
			);
			mainGroup = 2BE5AD2F2C9EC9030094F3C3;
			minimizedProjectReferenceProxies = 1;
			preferredProjectObjectVersion = 77;
			productRefGroup = 2BE5AD392C9EC9030094F3C3 /* Products */;
			projectDirPath = "";
			projectRoot = "";
			targets = (
				2BE5AD372C9EC9030094F3C3 /* Macro */,
				2BE5AD472C9EC9040094F3C3 /* MacroTests */,
				2BE5AD512C9EC9040094F3C3 /* MacroUITests */,
			);
		};
/* End PBXProject section */

/* Begin PBXResourcesBuildPhase section */
		2BE5AD362C9EC9030094F3C3 /* Resources */ = {
			isa = PBXResourcesBuildPhase;
			buildActionMask = 2147483647;
			files = (
				43774F572CB7C11D00F54EF7 /* Pretendard-Regular.otf in Resources */,
				43774F582CB7C11D00F54EF7 /* Pretendard-Bold.otf in Resources */,
				43774F592CB7C11D00F54EF7 /* Pretendard-SemiBold.otf in Resources */,
				2BE5ADE92CABC4570094F3C3 /* Preview Assets.xcassets in Resources */,
				2BE5ADEA2CABC4570094F3C3 /* Assets.xcassets in Resources */,
				3C3D70DF2CBF9FCB002A35AB /* beep_weak.wav in Resources */,
				3C3D70E02CBF9FCB002A35AB /* beep_medium.wav in Resources */,
				3C3D70E12CBF9FCB002A35AB /* beep_strong.wav in Resources */,
				43774F532CB7C10E00F54EF7 /* Pretendard-Medium.otf in Resources */,
			);
			runOnlyForDeploymentPostprocessing = 0;
		};
		2BE5AD462C9EC9040094F3C3 /* Resources */ = {
			isa = PBXResourcesBuildPhase;
			buildActionMask = 2147483647;
			files = (
			);
			runOnlyForDeploymentPostprocessing = 0;
		};
		2BE5AD502C9EC9040094F3C3 /* Resources */ = {
			isa = PBXResourcesBuildPhase;
			buildActionMask = 2147483647;
			files = (
			);
			runOnlyForDeploymentPostprocessing = 0;
		};
/* End PBXResourcesBuildPhase section */

/* Begin PBXSourcesBuildPhase section */
		2BE5AD342C9EC9030094F3C3 /* Sources */ = {
			isa = PBXSourcesBuildPhase;
			buildActionMask = 2147483647;
			files = (
				3C57946D2CDCD6BF00AE647B /* DIContainer.swift in Sources */,
				3C6EAFA22CDD1061003F2191 /* TapTapUseCase.swift in Sources */,
				43774F632CB7EE0C00F54EF7 /* JangdanSelectView.swift in Sources */,
				3C5794412CCF62EE00AE647B /* JinYangHanbaeBoardView.swift in Sources */,
				2BCA580E2CCF5F8700FA08A9 /* TapTapImplement.swift in Sources */,
				2B96F4932CD131BD00933DE2 /* AccentEnum.swift in Sources */,
				3C6EAFA42CDD1146003F2191 /* TemplateUseCase.swift in Sources */,
				2B8861112CBD2EF10036C6DB /* JangdanRepository.swift in Sources */,
				2B88610F2CBD2E720036C6DB /* JangdanDataSource.swift in Sources */,
				3C1DB7322CB3B58500160970 /* AccentUseCase.swift in Sources */,
				439ABF082CB8220B003F6343 /* SobakToggleView.swift in Sources */,
				2B8861192CC3E61F0036C6DB /* BakBarView.swift in Sources */,
				439ABF0C2CB90E11003F6343 /* JangdanSelectSheetView.swift in Sources */,
				2B8861172CC3E4850036C6DB /* HanbaeBoardView.swift in Sources */,
				438226E12CAEC728007A3B23 /* TemplateImplement.swift in Sources */,
				2B96F4912CD1302C00933DE2 /* MetronomeViewModel.swift in Sources */,
				2B0BC7BB2CAE72D400FD72D5 /* SoundManager.swift in Sources */,
				2B8861132CBD34D30036C6DB /* JangdanEnum.swift in Sources */,
				2B88611B2CC3E62A0036C6DB /* BakBarSetView.swift in Sources */,
				439ABF0A2CB825AE003F6343 /* MetronomeControlView.swift in Sources */,
				43774F652CB7FD5300F54EF7 /* MetronomeView.swift in Sources */,
				3C1DB7092CABDA2400160970 /* JangdanEntity.swift in Sources */,
				3CC5C6162CC6B70E0090BA1F /* DaebakPendulumView.swift in Sources */,
				2BE5ADF02CABC4570094F3C3 /* MacroApp.swift in Sources */,
				43774F5C2CB7C1D000F54EF7 /* Font+Extension.swift in Sources */,
				438226DF2CAE84A0007A3B23 /* TempoUseCase.swift in Sources */,
				2BCA58102CCF7CA600FA08A9 /* ReflectTempoInterface.swift in Sources */,
				2BE5AE022CAC289C0094F3C3 /* PlaySoundInterface.swift in Sources */,
				2BE5ADFC2CAC118F0094F3C3 /* MetronomeOnOffUseCase.swift in Sources */,
			);
			runOnlyForDeploymentPostprocessing = 0;
		};
		2BE5AD442C9EC9040094F3C3 /* Sources */ = {
			isa = PBXSourcesBuildPhase;
			buildActionMask = 2147483647;
			files = (
				2BE5ADF52CABC45A0094F3C3 /* TempoUseCaseTests.swift in Sources */,
			);
			runOnlyForDeploymentPostprocessing = 0;
		};
		2BE5AD4E2C9EC9040094F3C3 /* Sources */ = {
			isa = PBXSourcesBuildPhase;
			buildActionMask = 2147483647;
			files = (
				2BE5ADF92CABC45D0094F3C3 /* MacroUITests.swift in Sources */,
				2BE5ADFA2CABC45D0094F3C3 /* MacroUITestsLaunchTests.swift in Sources */,
			);
			runOnlyForDeploymentPostprocessing = 0;
		};
/* End PBXSourcesBuildPhase section */

/* Begin PBXTargetDependency section */
		2BE5AD4A2C9EC9040094F3C3 /* PBXTargetDependency */ = {
			isa = PBXTargetDependency;
			target = 2BE5AD372C9EC9030094F3C3 /* Macro */;
			targetProxy = 2BE5AD492C9EC9040094F3C3 /* PBXContainerItemProxy */;
		};
		2BE5AD542C9EC9040094F3C3 /* PBXTargetDependency */ = {
			isa = PBXTargetDependency;
			target = 2BE5AD372C9EC9030094F3C3 /* Macro */;
			targetProxy = 2BE5AD532C9EC9040094F3C3 /* PBXContainerItemProxy */;
		};
/* End PBXTargetDependency section */

/* Begin XCBuildConfiguration section */
		2BE5AD5A2C9EC9040094F3C3 /* Debug */ = {
			isa = XCBuildConfiguration;
			buildSettings = {
				ALWAYS_SEARCH_USER_PATHS = NO;
				ASSETCATALOG_COMPILER_GENERATE_SWIFT_ASSET_SYMBOL_EXTENSIONS = YES;
				CLANG_ANALYZER_NONNULL = YES;
				CLANG_ANALYZER_NUMBER_OBJECT_CONVERSION = YES_AGGRESSIVE;
				CLANG_CXX_LANGUAGE_STANDARD = "gnu++20";
				CLANG_ENABLE_MODULES = YES;
				CLANG_ENABLE_OBJC_ARC = YES;
				CLANG_ENABLE_OBJC_WEAK = YES;
				CLANG_WARN_BLOCK_CAPTURE_AUTORELEASING = YES;
				CLANG_WARN_BOOL_CONVERSION = YES;
				CLANG_WARN_COMMA = YES;
				CLANG_WARN_CONSTANT_CONVERSION = YES;
				CLANG_WARN_DEPRECATED_OBJC_IMPLEMENTATIONS = YES;
				CLANG_WARN_DIRECT_OBJC_ISA_USAGE = YES_ERROR;
				CLANG_WARN_DOCUMENTATION_COMMENTS = YES;
				CLANG_WARN_EMPTY_BODY = YES;
				CLANG_WARN_ENUM_CONVERSION = YES;
				CLANG_WARN_INFINITE_RECURSION = YES;
				CLANG_WARN_INT_CONVERSION = YES;
				CLANG_WARN_NON_LITERAL_NULL_CONVERSION = YES;
				CLANG_WARN_OBJC_IMPLICIT_RETAIN_SELF = YES;
				CLANG_WARN_OBJC_LITERAL_CONVERSION = YES;
				CLANG_WARN_OBJC_ROOT_CLASS = YES_ERROR;
				CLANG_WARN_QUOTED_INCLUDE_IN_FRAMEWORK_HEADER = YES;
				CLANG_WARN_RANGE_LOOP_ANALYSIS = YES;
				CLANG_WARN_STRICT_PROTOTYPES = YES;
				CLANG_WARN_SUSPICIOUS_MOVE = YES;
				CLANG_WARN_UNGUARDED_AVAILABILITY = YES_AGGRESSIVE;
				CLANG_WARN_UNREACHABLE_CODE = YES;
				CLANG_WARN__DUPLICATE_METHOD_MATCH = YES;
				COPY_PHASE_STRIP = NO;
				DEBUG_INFORMATION_FORMAT = dwarf;
				ENABLE_STRICT_OBJC_MSGSEND = YES;
				ENABLE_TESTABILITY = YES;
				ENABLE_USER_SCRIPT_SANDBOXING = YES;
				GCC_C_LANGUAGE_STANDARD = gnu17;
				GCC_DYNAMIC_NO_PIC = NO;
				GCC_NO_COMMON_BLOCKS = YES;
				GCC_OPTIMIZATION_LEVEL = 0;
				GCC_PREPROCESSOR_DEFINITIONS = (
					"DEBUG=1",
					"$(inherited)",
				);
				GCC_WARN_64_TO_32_BIT_CONVERSION = YES;
				GCC_WARN_ABOUT_RETURN_TYPE = YES_ERROR;
				GCC_WARN_UNDECLARED_SELECTOR = YES;
				GCC_WARN_UNINITIALIZED_AUTOS = YES_AGGRESSIVE;
				GCC_WARN_UNUSED_FUNCTION = YES;
				GCC_WARN_UNUSED_VARIABLE = YES;
				IPHONEOS_DEPLOYMENT_TARGET = 18.0;
				LOCALIZATION_PREFERS_STRING_CATALOGS = YES;
				MTL_ENABLE_DEBUG_INFO = INCLUDE_SOURCE;
				MTL_FAST_MATH = YES;
				ONLY_ACTIVE_ARCH = YES;
				SDKROOT = iphoneos;
				SWIFT_ACTIVE_COMPILATION_CONDITIONS = "DEBUG $(inherited)";
				SWIFT_OPTIMIZATION_LEVEL = "-Onone";
			};
			name = Debug;
		};
		2BE5AD5B2C9EC9040094F3C3 /* Release */ = {
			isa = XCBuildConfiguration;
			buildSettings = {
				ALWAYS_SEARCH_USER_PATHS = NO;
				ASSETCATALOG_COMPILER_GENERATE_SWIFT_ASSET_SYMBOL_EXTENSIONS = YES;
				CLANG_ANALYZER_NONNULL = YES;
				CLANG_ANALYZER_NUMBER_OBJECT_CONVERSION = YES_AGGRESSIVE;
				CLANG_CXX_LANGUAGE_STANDARD = "gnu++20";
				CLANG_ENABLE_MODULES = YES;
				CLANG_ENABLE_OBJC_ARC = YES;
				CLANG_ENABLE_OBJC_WEAK = YES;
				CLANG_WARN_BLOCK_CAPTURE_AUTORELEASING = YES;
				CLANG_WARN_BOOL_CONVERSION = YES;
				CLANG_WARN_COMMA = YES;
				CLANG_WARN_CONSTANT_CONVERSION = YES;
				CLANG_WARN_DEPRECATED_OBJC_IMPLEMENTATIONS = YES;
				CLANG_WARN_DIRECT_OBJC_ISA_USAGE = YES_ERROR;
				CLANG_WARN_DOCUMENTATION_COMMENTS = YES;
				CLANG_WARN_EMPTY_BODY = YES;
				CLANG_WARN_ENUM_CONVERSION = YES;
				CLANG_WARN_INFINITE_RECURSION = YES;
				CLANG_WARN_INT_CONVERSION = YES;
				CLANG_WARN_NON_LITERAL_NULL_CONVERSION = YES;
				CLANG_WARN_OBJC_IMPLICIT_RETAIN_SELF = YES;
				CLANG_WARN_OBJC_LITERAL_CONVERSION = YES;
				CLANG_WARN_OBJC_ROOT_CLASS = YES_ERROR;
				CLANG_WARN_QUOTED_INCLUDE_IN_FRAMEWORK_HEADER = YES;
				CLANG_WARN_RANGE_LOOP_ANALYSIS = YES;
				CLANG_WARN_STRICT_PROTOTYPES = YES;
				CLANG_WARN_SUSPICIOUS_MOVE = YES;
				CLANG_WARN_UNGUARDED_AVAILABILITY = YES_AGGRESSIVE;
				CLANG_WARN_UNREACHABLE_CODE = YES;
				CLANG_WARN__DUPLICATE_METHOD_MATCH = YES;
				COPY_PHASE_STRIP = NO;
				DEBUG_INFORMATION_FORMAT = "dwarf-with-dsym";
				ENABLE_NS_ASSERTIONS = NO;
				ENABLE_STRICT_OBJC_MSGSEND = YES;
				ENABLE_USER_SCRIPT_SANDBOXING = YES;
				GCC_C_LANGUAGE_STANDARD = gnu17;
				GCC_NO_COMMON_BLOCKS = YES;
				GCC_WARN_64_TO_32_BIT_CONVERSION = YES;
				GCC_WARN_ABOUT_RETURN_TYPE = YES_ERROR;
				GCC_WARN_UNDECLARED_SELECTOR = YES;
				GCC_WARN_UNINITIALIZED_AUTOS = YES_AGGRESSIVE;
				GCC_WARN_UNUSED_FUNCTION = YES;
				GCC_WARN_UNUSED_VARIABLE = YES;
				IPHONEOS_DEPLOYMENT_TARGET = 18.0;
				LOCALIZATION_PREFERS_STRING_CATALOGS = YES;
				MTL_ENABLE_DEBUG_INFO = NO;
				MTL_FAST_MATH = YES;
				SDKROOT = iphoneos;
				SWIFT_COMPILATION_MODE = wholemodule;
				VALIDATE_PRODUCT = YES;
			};
			name = Release;
		};
		2BE5AD5D2C9EC9040094F3C3 /* Debug */ = {
			isa = XCBuildConfiguration;
			buildSettings = {
				ASSETCATALOG_COMPILER_APPICON_NAME = AppIcon;
				ASSETCATALOG_COMPILER_GLOBAL_ACCENT_COLOR_NAME = AccentColor;
				"CODE_SIGN_IDENTITY[sdk=iphoneos*]" = "iPhone Developer";
				CODE_SIGN_STYLE = Manual;
				CURRENT_PROJECT_VERSION = 1;
				DEVELOPMENT_ASSET_PATHS = "\"Macro/Resources/Asset/Preview Content\"";
				DEVELOPMENT_TEAM = "";
				"DEVELOPMENT_TEAM[sdk=iphoneos*]" = UV2PAA368V;
				ENABLE_PREVIEWS = YES;
				GENERATE_INFOPLIST_FILE = YES;
				INFOPLIST_FILE = Macro/Info.plist;
				INFOPLIST_KEY_CFBundleDisplayName = "한배";
				INFOPLIST_KEY_LSApplicationCategoryType = "public.app-category.music";
				INFOPLIST_KEY_UIApplicationSceneManifest_Generation = YES;
				INFOPLIST_KEY_UIApplicationSupportsIndirectInputEvents = YES;
				INFOPLIST_KEY_UILaunchScreen_Generation = YES;
				INFOPLIST_KEY_UISupportedInterfaceOrientations = UIInterfaceOrientationPortrait;
				INFOPLIST_KEY_UISupportedInterfaceOrientations_iPad = "UIInterfaceOrientationLandscapeLeft UIInterfaceOrientationLandscapeRight UIInterfaceOrientationPortrait UIInterfaceOrientationPortraitUpsideDown";
				INFOPLIST_KEY_UIUserInterfaceStyle = Dark;
				IPHONEOS_DEPLOYMENT_TARGET = 17.0;
				LD_RUNPATH_SEARCH_PATHS = (
					"$(inherited)",
					"@executable_path/Frameworks",
				);
				MARKETING_VERSION = 1.0.3;
				PRODUCT_BUNDLE_IDENTIFIER = Krabs.Macro;
				PRODUCT_NAME = "$(TARGET_NAME)";
				PROVISIONING_PROFILE_SPECIFIER = "";
				"PROVISIONING_PROFILE_SPECIFIER[sdk=iphoneos*]" = "Developer Krabs.Macro";
				SUPPORTED_PLATFORMS = "iphoneos iphonesimulator";
				SUPPORTS_MACCATALYST = NO;
				SUPPORTS_MAC_DESIGNED_FOR_IPHONE_IPAD = NO;
				SUPPORTS_XR_DESIGNED_FOR_IPHONE_IPAD = NO;
				SWIFT_EMIT_LOC_STRINGS = YES;
				SWIFT_VERSION = 5.0;
				TARGETED_DEVICE_FAMILY = 1;
			};
			name = Debug;
		};
		2BE5AD5E2C9EC9040094F3C3 /* Release */ = {
			isa = XCBuildConfiguration;
			buildSettings = {
				ASSETCATALOG_COMPILER_APPICON_NAME = AppIcon;
				ASSETCATALOG_COMPILER_GLOBAL_ACCENT_COLOR_NAME = AccentColor;
				"CODE_SIGN_IDENTITY[sdk=iphoneos*]" = "iPhone Distribution";
				CODE_SIGN_STYLE = Manual;
				CURRENT_PROJECT_VERSION = 1;
				DEVELOPMENT_ASSET_PATHS = "\"Macro/Resources/Asset/Preview Content\"";
				DEVELOPMENT_TEAM = "";
				"DEVELOPMENT_TEAM[sdk=iphoneos*]" = UV2PAA368V;
				ENABLE_PREVIEWS = YES;
				GENERATE_INFOPLIST_FILE = YES;
				INFOPLIST_FILE = Macro/Info.plist;
				INFOPLIST_KEY_CFBundleDisplayName = "한배";
				INFOPLIST_KEY_LSApplicationCategoryType = "public.app-category.music";
				INFOPLIST_KEY_UIApplicationSceneManifest_Generation = YES;
				INFOPLIST_KEY_UIApplicationSupportsIndirectInputEvents = YES;
				INFOPLIST_KEY_UILaunchScreen_Generation = YES;
				INFOPLIST_KEY_UISupportedInterfaceOrientations = UIInterfaceOrientationPortrait;
				INFOPLIST_KEY_UISupportedInterfaceOrientations_iPad = "UIInterfaceOrientationLandscapeLeft UIInterfaceOrientationLandscapeRight UIInterfaceOrientationPortrait UIInterfaceOrientationPortraitUpsideDown";
				INFOPLIST_KEY_UIUserInterfaceStyle = Dark;
				IPHONEOS_DEPLOYMENT_TARGET = 17.0;
				LD_RUNPATH_SEARCH_PATHS = (
					"$(inherited)",
					"@executable_path/Frameworks",
				);
				MARKETING_VERSION = 1.0.3;
				PRODUCT_BUNDLE_IDENTIFIER = Krabs.Macro;
				PRODUCT_NAME = "$(TARGET_NAME)";
				PROVISIONING_PROFILE_SPECIFIER = "";
				"PROVISIONING_PROFILE_SPECIFIER[sdk=iphoneos*]" = "AppStore Krabs.Macro";
				SUPPORTED_PLATFORMS = "iphoneos iphonesimulator";
				SUPPORTS_MACCATALYST = NO;
				SUPPORTS_MAC_DESIGNED_FOR_IPHONE_IPAD = NO;
				SUPPORTS_XR_DESIGNED_FOR_IPHONE_IPAD = NO;
				SWIFT_EMIT_LOC_STRINGS = YES;
				SWIFT_VERSION = 5.0;
				TARGETED_DEVICE_FAMILY = 1;
			};
			name = Release;
		};
		2BE5AD602C9EC9040094F3C3 /* Debug */ = {
			isa = XCBuildConfiguration;
			buildSettings = {
				BUNDLE_LOADER = "$(TEST_HOST)";
				CODE_SIGN_IDENTITY = "Apple Development";
				"CODE_SIGN_IDENTITY[sdk=iphoneos*]" = "iPhone Developer";
				CODE_SIGN_STYLE = Manual;
				CURRENT_PROJECT_VERSION = 1;
				DEVELOPMENT_TEAM = "";
				"DEVELOPMENT_TEAM[sdk=iphoneos*]" = UV2PAA368V;
				GENERATE_INFOPLIST_FILE = YES;
				IPHONEOS_DEPLOYMENT_TARGET = 17.0;
				MARKETING_VERSION = 1.0;
				PRODUCT_BUNDLE_IDENTIFIER = Krabs.Macro;
				PRODUCT_NAME = "$(TARGET_NAME)";
				PROVISIONING_PROFILE_SPECIFIER = "";
				"PROVISIONING_PROFILE_SPECIFIER[sdk=iphoneos*]" = "Developer Krabs.Macro";
				SUPPORTED_PLATFORMS = "iphoneos iphonesimulator";
				SUPPORTS_MACCATALYST = NO;
				SUPPORTS_MAC_DESIGNED_FOR_IPHONE_IPAD = NO;
				SUPPORTS_XR_DESIGNED_FOR_IPHONE_IPAD = NO;
				SWIFT_EMIT_LOC_STRINGS = NO;
				SWIFT_VERSION = 5.0;
				TARGETED_DEVICE_FAMILY = 1;
				TEST_HOST = "$(BUILT_PRODUCTS_DIR)/Macro.app/$(BUNDLE_EXECUTABLE_FOLDER_PATH)/Macro";
			};
			name = Debug;
		};
		2BE5AD612C9EC9040094F3C3 /* Release */ = {
			isa = XCBuildConfiguration;
			buildSettings = {
				BUNDLE_LOADER = "$(TEST_HOST)";
				"CODE_SIGN_IDENTITY[sdk=iphoneos*]" = "iPhone Distribution";
				CODE_SIGN_STYLE = Manual;
				CURRENT_PROJECT_VERSION = 1;
				DEVELOPMENT_TEAM = "";
				"DEVELOPMENT_TEAM[sdk=iphoneos*]" = UV2PAA368V;
				GENERATE_INFOPLIST_FILE = YES;
				IPHONEOS_DEPLOYMENT_TARGET = 17.0;
				MARKETING_VERSION = 1.0;
				PRODUCT_BUNDLE_IDENTIFIER = Krabs.Macro;
				PRODUCT_NAME = "$(TARGET_NAME)";
				PROVISIONING_PROFILE_SPECIFIER = "";
				"PROVISIONING_PROFILE_SPECIFIER[sdk=iphoneos*]" = "AppStoreConnect Krabs.Macro";
				SUPPORTED_PLATFORMS = "iphoneos iphonesimulator";
				SUPPORTS_MACCATALYST = NO;
				SUPPORTS_MAC_DESIGNED_FOR_IPHONE_IPAD = NO;
				SUPPORTS_XR_DESIGNED_FOR_IPHONE_IPAD = NO;
				SWIFT_EMIT_LOC_STRINGS = NO;
				SWIFT_VERSION = 5.0;
				TARGETED_DEVICE_FAMILY = 1;
				TEST_HOST = "$(BUILT_PRODUCTS_DIR)/Macro.app/$(BUNDLE_EXECUTABLE_FOLDER_PATH)/Macro";
			};
			name = Release;
		};
		2BE5AD632C9EC9040094F3C3 /* Debug */ = {
			isa = XCBuildConfiguration;
			buildSettings = {
				CODE_SIGN_IDENTITY = "Apple Development";
				CODE_SIGN_STYLE = Automatic;
				CURRENT_PROJECT_VERSION = 1;
				DEVELOPMENT_TEAM = 4RG9LBF3XF;
				GENERATE_INFOPLIST_FILE = YES;
				IPHONEOS_DEPLOYMENT_TARGET = 17.0;
				MARKETING_VERSION = 1.0;
				PRODUCT_BUNDLE_IDENTIFIER = Krabs.Macro;
				PRODUCT_NAME = "$(TARGET_NAME)";
				PROVISIONING_PROFILE_SPECIFIER = "";
				SUPPORTED_PLATFORMS = "iphoneos iphonesimulator";
				SUPPORTS_MACCATALYST = NO;
				SUPPORTS_MAC_DESIGNED_FOR_IPHONE_IPAD = NO;
				SUPPORTS_XR_DESIGNED_FOR_IPHONE_IPAD = NO;
				SWIFT_EMIT_LOC_STRINGS = NO;
				SWIFT_VERSION = 5.0;
				TARGETED_DEVICE_FAMILY = 1;
				TEST_TARGET_NAME = Macro;
			};
			name = Debug;
		};
		2BE5AD642C9EC9040094F3C3 /* Release */ = {
			isa = XCBuildConfiguration;
			buildSettings = {
				CODE_SIGN_IDENTITY = "Apple Development";
				CODE_SIGN_STYLE = Automatic;
				CURRENT_PROJECT_VERSION = 1;
				DEVELOPMENT_TEAM = 4RG9LBF3XF;
				GENERATE_INFOPLIST_FILE = YES;
				IPHONEOS_DEPLOYMENT_TARGET = 17.0;
				MARKETING_VERSION = 1.0;
				PRODUCT_BUNDLE_IDENTIFIER = Krabs.Macro;
				PRODUCT_NAME = "$(TARGET_NAME)";
				PROVISIONING_PROFILE_SPECIFIER = "";
				SUPPORTED_PLATFORMS = "iphoneos iphonesimulator";
				SUPPORTS_MACCATALYST = NO;
				SUPPORTS_MAC_DESIGNED_FOR_IPHONE_IPAD = NO;
				SUPPORTS_XR_DESIGNED_FOR_IPHONE_IPAD = NO;
				SWIFT_EMIT_LOC_STRINGS = NO;
				SWIFT_VERSION = 5.0;
				TARGETED_DEVICE_FAMILY = 1;
				TEST_TARGET_NAME = Macro;
			};
			name = Release;
		};
/* End XCBuildConfiguration section */

/* Begin XCConfigurationList section */
		2BE5AD332C9EC9030094F3C3 /* Build configuration list for PBXProject "Macro" */ = {
			isa = XCConfigurationList;
			buildConfigurations = (
				2BE5AD5A2C9EC9040094F3C3 /* Debug */,
				2BE5AD5B2C9EC9040094F3C3 /* Release */,
			);
			defaultConfigurationIsVisible = 0;
			defaultConfigurationName = Release;
		};
		2BE5AD5C2C9EC9040094F3C3 /* Build configuration list for PBXNativeTarget "Macro" */ = {
			isa = XCConfigurationList;
			buildConfigurations = (
				2BE5AD5D2C9EC9040094F3C3 /* Debug */,
				2BE5AD5E2C9EC9040094F3C3 /* Release */,
			);
			defaultConfigurationIsVisible = 0;
			defaultConfigurationName = Release;
		};
		2BE5AD5F2C9EC9040094F3C3 /* Build configuration list for PBXNativeTarget "MacroTests" */ = {
			isa = XCConfigurationList;
			buildConfigurations = (
				2BE5AD602C9EC9040094F3C3 /* Debug */,
				2BE5AD612C9EC9040094F3C3 /* Release */,
			);
			defaultConfigurationIsVisible = 0;
			defaultConfigurationName = Release;
		};
		2BE5AD622C9EC9040094F3C3 /* Build configuration list for PBXNativeTarget "MacroUITests" */ = {
			isa = XCConfigurationList;
			buildConfigurations = (
				2BE5AD632C9EC9040094F3C3 /* Debug */,
				2BE5AD642C9EC9040094F3C3 /* Release */,
			);
			defaultConfigurationIsVisible = 0;
			defaultConfigurationName = Release;
		};
/* End XCConfigurationList section */
	};
	rootObject = 2BE5AD302C9EC9030094F3C3 /* Project object */;
}
