// !$*UTF8*$!
{
	archiveVersion = 1;
	classes = {
	};
	objectVersion = 77;
	objects = {

/* Begin PBXBuildFile section */
		2BE5ADE92CABC4570094F3C3 /* Preview Assets.xcassets in Resources */ = {isa = PBXBuildFile; fileRef = 2BE5ADDE2CABC4570094F3C3 /* Preview Assets.xcassets */; };
		2BE5ADEA2CABC4570094F3C3 /* Assets.xcassets in Resources */ = {isa = PBXBuildFile; fileRef = 2BE5ADE72CABC4570094F3C3 /* Assets.xcassets */; };
		2BE5ADEB2CABC4570094F3C3 /* ExampleEntity.swift in Sources */ = {isa = PBXBuildFile; fileRef = 2BE5ADD52CABC4570094F3C3 /* ExampleEntity.swift */; };
		2BE5ADEC2CABC4570094F3C3 /* ExampleInterface.swift in Sources */ = {isa = PBXBuildFile; fileRef = 2BE5ADD72CABC4570094F3C3 /* ExampleInterface.swift */; };
		2BE5ADED2CABC4570094F3C3 /* ExampleUseCase.swift in Sources */ = {isa = PBXBuildFile; fileRef = 2BE5ADD92CABC4570094F3C3 /* ExampleUseCase.swift */; };
		2BE5ADEE2CABC4570094F3C3 /* Example+Extensions.swift in Sources */ = {isa = PBXBuildFile; fileRef = 2BE5ADDC2CABC4570094F3C3 /* Example+Extensions.swift */; };
		2BE5ADEF2CABC4570094F3C3 /* ExampleService.swift in Sources */ = {isa = PBXBuildFile; fileRef = 2BE5ADE02CABC4570094F3C3 /* ExampleService.swift */; };
		2BE5ADF02CABC4570094F3C3 /* MacroApp.swift in Sources */ = {isa = PBXBuildFile; fileRef = 2BE5ADE22CABC4570094F3C3 /* MacroApp.swift */; };
		2BE5ADF12CABC4570094F3C3 /* ExampleView.swift in Sources */ = {isa = PBXBuildFile; fileRef = 2BE5ADE42CABC4570094F3C3 /* ExampleView.swift */; };
		2BE5ADF22CABC4570094F3C3 /* ExampleViewModel.swift in Sources */ = {isa = PBXBuildFile; fileRef = 2BE5ADE52CABC4570094F3C3 /* ExampleViewModel.swift */; };
		2BE5ADF52CABC45A0094F3C3 /* MacroTests.swift in Sources */ = {isa = PBXBuildFile; fileRef = 2BE5ADF32CABC45A0094F3C3 /* MacroTests.swift */; };
		2BE5ADF92CABC45D0094F3C3 /* MacroUITests.swift in Sources */ = {isa = PBXBuildFile; fileRef = 2BE5ADF62CABC45D0094F3C3 /* MacroUITests.swift */; };
		2BE5ADFA2CABC45D0094F3C3 /* MacroUITestsLaunchTests.swift in Sources */ = {isa = PBXBuildFile; fileRef = 2BE5ADF72CABC45D0094F3C3 /* MacroUITestsLaunchTests.swift */; };
		3C1DB7092CABDA2400160970 /* JangdanEntity.swift in Sources */ = {isa = PBXBuildFile; fileRef = 3C1DB7082CABDA2400160970 /* JangdanEntity.swift */; };
/* End PBXBuildFile section */

/* Begin PBXContainerItemProxy section */
		2BE5AD492C9EC9040094F3C3 /* PBXContainerItemProxy */ = {
			isa = PBXContainerItemProxy;
			containerPortal = 2BE5AD302C9EC9030094F3C3 /* Project object */;
			proxyType = 1;
			remoteGlobalIDString = 2BE5AD372C9EC9030094F3C3;
			remoteInfo = Macro;
		};
		2BE5AD532C9EC9040094F3C3 /* PBXContainerItemProxy */ = {
			isa = PBXContainerItemProxy;
			containerPortal = 2BE5AD302C9EC9030094F3C3 /* Project object */;
			proxyType = 1;
			remoteGlobalIDString = 2BE5AD372C9EC9030094F3C3;
			remoteInfo = Macro;
		};
/* End PBXContainerItemProxy section */

/* Begin PBXFileReference section */
		2BE5AD382C9EC9030094F3C3 /* Macro.app */ = {isa = PBXFileReference; explicitFileType = wrapper.application; includeInIndex = 0; path = Macro.app; sourceTree = BUILT_PRODUCTS_DIR; };
		2BE5AD482C9EC9040094F3C3 /* MacroTests.xctest */ = {isa = PBXFileReference; explicitFileType = wrapper.cfbundle; includeInIndex = 0; path = MacroTests.xctest; sourceTree = BUILT_PRODUCTS_DIR; };
		2BE5AD522C9EC9040094F3C3 /* MacroUITests.xctest */ = {isa = PBXFileReference; explicitFileType = wrapper.cfbundle; includeInIndex = 0; path = MacroUITests.xctest; sourceTree = BUILT_PRODUCTS_DIR; };
		2BE5ADD52CABC4570094F3C3 /* ExampleEntity.swift */ = {isa = PBXFileReference; lastKnownFileType = sourcecode.swift; path = ExampleEntity.swift; sourceTree = "<group>"; };
		2BE5ADD72CABC4570094F3C3 /* ExampleInterface.swift */ = {isa = PBXFileReference; lastKnownFileType = sourcecode.swift; path = ExampleInterface.swift; sourceTree = "<group>"; };
		2BE5ADD92CABC4570094F3C3 /* ExampleUseCase.swift */ = {isa = PBXFileReference; lastKnownFileType = sourcecode.swift; path = ExampleUseCase.swift; sourceTree = "<group>"; };
		2BE5ADDC2CABC4570094F3C3 /* Example+Extensions.swift */ = {isa = PBXFileReference; lastKnownFileType = sourcecode.swift; path = "Example+Extensions.swift"; sourceTree = "<group>"; };
		2BE5ADDE2CABC4570094F3C3 /* Preview Assets.xcassets */ = {isa = PBXFileReference; lastKnownFileType = folder.assetcatalog; path = "Preview Assets.xcassets"; sourceTree = "<group>"; };
		2BE5ADE02CABC4570094F3C3 /* ExampleService.swift */ = {isa = PBXFileReference; lastKnownFileType = sourcecode.swift; path = ExampleService.swift; sourceTree = "<group>"; };
		2BE5ADE22CABC4570094F3C3 /* MacroApp.swift */ = {isa = PBXFileReference; lastKnownFileType = sourcecode.swift; path = MacroApp.swift; sourceTree = "<group>"; };
		2BE5ADE42CABC4570094F3C3 /* ExampleView.swift */ = {isa = PBXFileReference; lastKnownFileType = sourcecode.swift; path = ExampleView.swift; sourceTree = "<group>"; };
		2BE5ADE52CABC4570094F3C3 /* ExampleViewModel.swift */ = {isa = PBXFileReference; lastKnownFileType = sourcecode.swift; path = ExampleViewModel.swift; sourceTree = "<group>"; };
		2BE5ADE72CABC4570094F3C3 /* Assets.xcassets */ = {isa = PBXFileReference; lastKnownFileType = folder.assetcatalog; path = Assets.xcassets; sourceTree = "<group>"; };
		2BE5ADF32CABC45A0094F3C3 /* MacroTests.swift */ = {isa = PBXFileReference; lastKnownFileType = sourcecode.swift; path = MacroTests.swift; sourceTree = "<group>"; };
		2BE5ADF62CABC45D0094F3C3 /* MacroUITests.swift */ = {isa = PBXFileReference; lastKnownFileType = sourcecode.swift; path = MacroUITests.swift; sourceTree = "<group>"; };
		2BE5ADF72CABC45D0094F3C3 /* MacroUITestsLaunchTests.swift */ = {isa = PBXFileReference; lastKnownFileType = sourcecode.swift; path = MacroUITestsLaunchTests.swift; sourceTree = "<group>"; };
		3C1DB7082CABDA2400160970 /* JangdanEntity.swift */ = {isa = PBXFileReference; lastKnownFileType = sourcecode.swift; path = JangdanEntity.swift; sourceTree = "<group>"; };
/* End PBXFileReference section */

/* Begin PBXFrameworksBuildPhase section */
		2BE5AD352C9EC9030094F3C3 /* Frameworks */ = {
			isa = PBXFrameworksBuildPhase;
			buildActionMask = 2147483647;
			files = (
			);
			runOnlyForDeploymentPostprocessing = 0;
		};
		2BE5AD452C9EC9040094F3C3 /* Frameworks */ = {
			isa = PBXFrameworksBuildPhase;
			buildActionMask = 2147483647;
			files = (
			);
			runOnlyForDeploymentPostprocessing = 0;
		};
		2BE5AD4F2C9EC9040094F3C3 /* Frameworks */ = {
			isa = PBXFrameworksBuildPhase;
			buildActionMask = 2147483647;
			files = (
			);
			runOnlyForDeploymentPostprocessing = 0;
		};
/* End PBXFrameworksBuildPhase section */

/* Begin PBXGroup section */
		2BE5AD2F2C9EC9030094F3C3 = {
			isa = PBXGroup;
			children = (
				2BE5ADE82CABC4570094F3C3 /* Macro */,
				2BE5ADF42CABC45A0094F3C3 /* MacroTests */,
				2BE5ADF82CABC45D0094F3C3 /* MacroUITests */,
				2BE5AD392C9EC9030094F3C3 /* Products */,
			);
			sourceTree = "<group>";
		};
		2BE5AD392C9EC9030094F3C3 /* Products */ = {
			isa = PBXGroup;
			children = (
				2BE5AD382C9EC9030094F3C3 /* Macro.app */,
				2BE5AD482C9EC9040094F3C3 /* MacroTests.xctest */,
				2BE5AD522C9EC9040094F3C3 /* MacroUITests.xctest */,
			);
			name = Products;
			sourceTree = "<group>";
		};
		2BE5ADD62CABC4570094F3C3 /* Entity */ = {
			isa = PBXGroup;
			children = (
				2BE5ADD52CABC4570094F3C3 /* ExampleEntity.swift */,
				3C1DB7082CABDA2400160970 /* JangdanEntity.swift */,
			);
			path = Entity;
			sourceTree = "<group>";
		};
		2BE5ADD82CABC4570094F3C3 /* Interface */ = {
			isa = PBXGroup;
			children = (
				2BE5ADD72CABC4570094F3C3 /* ExampleInterface.swift */,
			);
			path = Interface;
			sourceTree = "<group>";
		};
		2BE5ADDA2CABC4570094F3C3 /* UseCase */ = {
			isa = PBXGroup;
			children = (
				2BE5ADD82CABC4570094F3C3 /* Interface */,
				2BE5ADD92CABC4570094F3C3 /* ExampleUseCase.swift */,
			);
			path = UseCase;
			sourceTree = "<group>";
		};
		2BE5ADDB2CABC4570094F3C3 /* Domain */ = {
			isa = PBXGroup;
			children = (
				2BE5ADD62CABC4570094F3C3 /* Entity */,
				2BE5ADDA2CABC4570094F3C3 /* UseCase */,
			);
			path = Domain;
			sourceTree = "<group>";
		};
		2BE5ADDD2CABC4570094F3C3 /* Extensions */ = {
			isa = PBXGroup;
			children = (
				2BE5ADDC2CABC4570094F3C3 /* Example+Extensions.swift */,
			);
			path = Extensions;
			sourceTree = "<group>";
		};
		2BE5ADDF2CABC4570094F3C3 /* Preview Content */ = {
			isa = PBXGroup;
			children = (
				2BE5ADDE2CABC4570094F3C3 /* Preview Assets.xcassets */,
			);
			path = "Preview Content";
			sourceTree = "<group>";
		};
		2BE5ADE12CABC4570094F3C3 /* Service */ = {
			isa = PBXGroup;
			children = (
				2BE5ADE02CABC4570094F3C3 /* ExampleService.swift */,
			);
			path = Service;
			sourceTree = "<group>";
		};
		2BE5ADE32CABC4570094F3C3 /* System */ = {
			isa = PBXGroup;
			children = (
				2BE5ADE22CABC4570094F3C3 /* MacroApp.swift */,
			);
			path = System;
			sourceTree = "<group>";
		};
		2BE5ADE62CABC4570094F3C3 /* View */ = {
			isa = PBXGroup;
			children = (
				2BE5ADE42CABC4570094F3C3 /* ExampleView.swift */,
				2BE5ADE52CABC4570094F3C3 /* ExampleViewModel.swift */,
			);
			path = View;
			sourceTree = "<group>";
		};
		2BE5ADE82CABC4570094F3C3 /* Macro */ = {
			isa = PBXGroup;
			children = (
				2BE5ADDB2CABC4570094F3C3 /* Domain */,
				2BE5ADDD2CABC4570094F3C3 /* Extensions */,
				2BE5ADDF2CABC4570094F3C3 /* Preview Content */,
				2BE5ADE12CABC4570094F3C3 /* Service */,
				2BE5ADE32CABC4570094F3C3 /* System */,
				2BE5ADE62CABC4570094F3C3 /* View */,
				2BE5ADE72CABC4570094F3C3 /* Assets.xcassets */,
			);
			path = Macro;
			sourceTree = "<group>";
		};
		2BE5ADF42CABC45A0094F3C3 /* MacroTests */ = {
			isa = PBXGroup;
			children = (
				2BE5ADF32CABC45A0094F3C3 /* MacroTests.swift */,
			);
			path = MacroTests;
			sourceTree = "<group>";
		};
		2BE5ADF82CABC45D0094F3C3 /* MacroUITests */ = {
			isa = PBXGroup;
			children = (
				2BE5ADF62CABC45D0094F3C3 /* MacroUITests.swift */,
				2BE5ADF72CABC45D0094F3C3 /* MacroUITestsLaunchTests.swift */,
			);
			path = MacroUITests;
			sourceTree = "<group>";
		};
/* End PBXGroup section */

/* Begin PBXNativeTarget section */
		2BE5AD372C9EC9030094F3C3 /* Macro */ = {
			isa = PBXNativeTarget;
			buildConfigurationList = 2BE5AD5C2C9EC9040094F3C3 /* Build configuration list for PBXNativeTarget "Macro" */;
			buildPhases = (
				2BE5AD342C9EC9030094F3C3 /* Sources */,
				2BE5AD352C9EC9030094F3C3 /* Frameworks */,
				2BE5AD362C9EC9030094F3C3 /* Resources */,
			);
			buildRules = (
			);
			dependencies = (
			);
			name = Macro;
			packageProductDependencies = (
			);
			productName = Macro;
			productReference = 2BE5AD382C9EC9030094F3C3 /* Macro.app */;
			productType = "com.apple.product-type.application";
		};
		2BE5AD472C9EC9040094F3C3 /* MacroTests */ = {
			isa = PBXNativeTarget;
			buildConfigurationList = 2BE5AD5F2C9EC9040094F3C3 /* Build configuration list for PBXNativeTarget "MacroTests" */;
			buildPhases = (
				2BE5AD442C9EC9040094F3C3 /* Sources */,
				2BE5AD452C9EC9040094F3C3 /* Frameworks */,
				2BE5AD462C9EC9040094F3C3 /* Resources */,
			);
			buildRules = (
			);
			dependencies = (
				2BE5AD4A2C9EC9040094F3C3 /* PBXTargetDependency */,
			);
			name = MacroTests;
			packageProductDependencies = (
			);
			productName = MacroTests;
			productReference = 2BE5AD482C9EC9040094F3C3 /* MacroTests.xctest */;
			productType = "com.apple.product-type.bundle.unit-test";
		};
		2BE5AD512C9EC9040094F3C3 /* MacroUITests */ = {
			isa = PBXNativeTarget;
			buildConfigurationList = 2BE5AD622C9EC9040094F3C3 /* Build configuration list for PBXNativeTarget "MacroUITests" */;
			buildPhases = (
				2BE5AD4E2C9EC9040094F3C3 /* Sources */,
				2BE5AD4F2C9EC9040094F3C3 /* Frameworks */,
				2BE5AD502C9EC9040094F3C3 /* Resources */,
			);
			buildRules = (
			);
			dependencies = (
				2BE5AD542C9EC9040094F3C3 /* PBXTargetDependency */,
			);
			name = MacroUITests;
			packageProductDependencies = (
			);
			productName = MacroUITests;
			productReference = 2BE5AD522C9EC9040094F3C3 /* MacroUITests.xctest */;
			productType = "com.apple.product-type.bundle.ui-testing";
		};
/* End PBXNativeTarget section */

/* Begin PBXProject section */
		2BE5AD302C9EC9030094F3C3 /* Project object */ = {
			isa = PBXProject;
			attributes = {
				BuildIndependentTargetsInParallel = 1;
				LastSwiftUpdateCheck = 1600;
				LastUpgradeCheck = 1600;
				TargetAttributes = {
					2BE5AD372C9EC9030094F3C3 = {
						CreatedOnToolsVersion = 16.0;
					};
					2BE5AD472C9EC9040094F3C3 = {
						CreatedOnToolsVersion = 16.0;
						TestTargetID = 2BE5AD372C9EC9030094F3C3;
					};
					2BE5AD512C9EC9040094F3C3 = {
						CreatedOnToolsVersion = 16.0;
						TestTargetID = 2BE5AD372C9EC9030094F3C3;
					};
				};
			};
			buildConfigurationList = 2BE5AD332C9EC9030094F3C3 /* Build configuration list for PBXProject "Macro" */;
			developmentRegion = en;
			hasScannedForEncodings = 0;
			knownRegions = (
				en,
				Base,
			);
			mainGroup = 2BE5AD2F2C9EC9030094F3C3;
			minimizedProjectReferenceProxies = 1;
			preferredProjectObjectVersion = 77;
			productRefGroup = 2BE5AD392C9EC9030094F3C3 /* Products */;
			projectDirPath = "";
			projectRoot = "";
			targets = (
				2BE5AD372C9EC9030094F3C3 /* Macro */,
				2BE5AD472C9EC9040094F3C3 /* MacroTests */,
				2BE5AD512C9EC9040094F3C3 /* MacroUITests */,
			);
		};
/* End PBXProject section */

/* Begin PBXResourcesBuildPhase section */
		2BE5AD362C9EC9030094F3C3 /* Resources */ = {
			isa = PBXResourcesBuildPhase;
			buildActionMask = 2147483647;
			files = (
				2BE5ADE92CABC4570094F3C3 /* Preview Assets.xcassets in Resources */,
				2BE5ADEA2CABC4570094F3C3 /* Assets.xcassets in Resources */,
			);
			runOnlyForDeploymentPostprocessing = 0;
		};
		2BE5AD462C9EC9040094F3C3 /* Resources */ = {
			isa = PBXResourcesBuildPhase;
			buildActionMask = 2147483647;
			files = (
			);
			runOnlyForDeploymentPostprocessing = 0;
		};
		2BE5AD502C9EC9040094F3C3 /* Resources */ = {
			isa = PBXResourcesBuildPhase;
			buildActionMask = 2147483647;
			files = (
			);
			runOnlyForDeploymentPostprocessing = 0;
		};
/* End PBXResourcesBuildPhase section */

/* Begin PBXSourcesBuildPhase section */
		2BE5AD342C9EC9030094F3C3 /* Sources */ = {
			isa = PBXSourcesBuildPhase;
			buildActionMask = 2147483647;
			files = (
				2BE5ADEB2CABC4570094F3C3 /* ExampleEntity.swift in Sources */,
				2BE5ADEC2CABC4570094F3C3 /* ExampleInterface.swift in Sources */,
				2BE5ADED2CABC4570094F3C3 /* ExampleUseCase.swift in Sources */,
				2BE5ADEE2CABC4570094F3C3 /* Example+Extensions.swift in Sources */,
				2BE5ADEF2CABC4570094F3C3 /* ExampleService.swift in Sources */,
				3C1DB7092CABDA2400160970 /* JangdanEntity.swift in Sources */,
				2BE5ADF02CABC4570094F3C3 /* MacroApp.swift in Sources */,
				2BE5ADF12CABC4570094F3C3 /* ExampleView.swift in Sources */,
				2BE5ADF22CABC4570094F3C3 /* ExampleViewModel.swift in Sources */,
			);
			runOnlyForDeploymentPostprocessing = 0;
		};
		2BE5AD442C9EC9040094F3C3 /* Sources */ = {
			isa = PBXSourcesBuildPhase;
			buildActionMask = 2147483647;
			files = (
				2BE5ADF52CABC45A0094F3C3 /* MacroTests.swift in Sources */,
			);
			runOnlyForDeploymentPostprocessing = 0;
		};
		2BE5AD4E2C9EC9040094F3C3 /* Sources */ = {
			isa = PBXSourcesBuildPhase;
			buildActionMask = 2147483647;
			files = (
				2BE5ADF92CABC45D0094F3C3 /* MacroUITests.swift in Sources */,
				2BE5ADFA2CABC45D0094F3C3 /* MacroUITestsLaunchTests.swift in Sources */,
			);
			runOnlyForDeploymentPostprocessing = 0;
		};
/* End PBXSourcesBuildPhase section */

/* Begin PBXTargetDependency section */
		2BE5AD4A2C9EC9040094F3C3 /* PBXTargetDependency */ = {
			isa = PBXTargetDependency;
			target = 2BE5AD372C9EC9030094F3C3 /* Macro */;
			targetProxy = 2BE5AD492C9EC9040094F3C3 /* PBXContainerItemProxy */;
		};
		2BE5AD542C9EC9040094F3C3 /* PBXTargetDependency */ = {
			isa = PBXTargetDependency;
			target = 2BE5AD372C9EC9030094F3C3 /* Macro */;
			targetProxy = 2BE5AD532C9EC9040094F3C3 /* PBXContainerItemProxy */;
		};
/* End PBXTargetDependency section */

/* Begin XCBuildConfiguration section */
		2BE5AD5A2C9EC9040094F3C3 /* Debug */ = {
			isa = XCBuildConfiguration;
			buildSettings = {
				ALWAYS_SEARCH_USER_PATHS = NO;
				ASSETCATALOG_COMPILER_GENERATE_SWIFT_ASSET_SYMBOL_EXTENSIONS = YES;
				CLANG_ANALYZER_NONNULL = YES;
				CLANG_ANALYZER_NUMBER_OBJECT_CONVERSION = YES_AGGRESSIVE;
				CLANG_CXX_LANGUAGE_STANDARD = "gnu++20";
				CLANG_ENABLE_MODULES = YES;
				CLANG_ENABLE_OBJC_ARC = YES;
				CLANG_ENABLE_OBJC_WEAK = YES;
				CLANG_WARN_BLOCK_CAPTURE_AUTORELEASING = YES;
				CLANG_WARN_BOOL_CONVERSION = YES;
				CLANG_WARN_COMMA = YES;
				CLANG_WARN_CONSTANT_CONVERSION = YES;
				CLANG_WARN_DEPRECATED_OBJC_IMPLEMENTATIONS = YES;
				CLANG_WARN_DIRECT_OBJC_ISA_USAGE = YES_ERROR;
				CLANG_WARN_DOCUMENTATION_COMMENTS = YES;
				CLANG_WARN_EMPTY_BODY = YES;
				CLANG_WARN_ENUM_CONVERSION = YES;
				CLANG_WARN_INFINITE_RECURSION = YES;
				CLANG_WARN_INT_CONVERSION = YES;
				CLANG_WARN_NON_LITERAL_NULL_CONVERSION = YES;
				CLANG_WARN_OBJC_IMPLICIT_RETAIN_SELF = YES;
				CLANG_WARN_OBJC_LITERAL_CONVERSION = YES;
				CLANG_WARN_OBJC_ROOT_CLASS = YES_ERROR;
				CLANG_WARN_QUOTED_INCLUDE_IN_FRAMEWORK_HEADER = YES;
				CLANG_WARN_RANGE_LOOP_ANALYSIS = YES;
				CLANG_WARN_STRICT_PROTOTYPES = YES;
				CLANG_WARN_SUSPICIOUS_MOVE = YES;
				CLANG_WARN_UNGUARDED_AVAILABILITY = YES_AGGRESSIVE;
				CLANG_WARN_UNREACHABLE_CODE = YES;
				CLANG_WARN__DUPLICATE_METHOD_MATCH = YES;
				COPY_PHASE_STRIP = NO;
				DEBUG_INFORMATION_FORMAT = dwarf;
				ENABLE_STRICT_OBJC_MSGSEND = YES;
				ENABLE_TESTABILITY = YES;
				ENABLE_USER_SCRIPT_SANDBOXING = YES;
				GCC_C_LANGUAGE_STANDARD = gnu17;
				GCC_DYNAMIC_NO_PIC = NO;
				GCC_NO_COMMON_BLOCKS = YES;
				GCC_OPTIMIZATION_LEVEL = 0;
				GCC_PREPROCESSOR_DEFINITIONS = (
					"DEBUG=1",
					"$(inherited)",
				);
				GCC_WARN_64_TO_32_BIT_CONVERSION = YES;
				GCC_WARN_ABOUT_RETURN_TYPE = YES_ERROR;
				GCC_WARN_UNDECLARED_SELECTOR = YES;
				GCC_WARN_UNINITIALIZED_AUTOS = YES_AGGRESSIVE;
				GCC_WARN_UNUSED_FUNCTION = YES;
				GCC_WARN_UNUSED_VARIABLE = YES;
				IPHONEOS_DEPLOYMENT_TARGET = 18.0;
				LOCALIZATION_PREFERS_STRING_CATALOGS = YES;
				MTL_ENABLE_DEBUG_INFO = INCLUDE_SOURCE;
				MTL_FAST_MATH = YES;
				ONLY_ACTIVE_ARCH = YES;
				SDKROOT = iphoneos;
				SWIFT_ACTIVE_COMPILATION_CONDITIONS = "DEBUG $(inherited)";
				SWIFT_OPTIMIZATION_LEVEL = "-Onone";
			};
			name = Debug;
		};
		2BE5AD5B2C9EC9040094F3C3 /* Release */ = {
			isa = XCBuildConfiguration;
			buildSettings = {
				ALWAYS_SEARCH_USER_PATHS = NO;
				ASSETCATALOG_COMPILER_GENERATE_SWIFT_ASSET_SYMBOL_EXTENSIONS = YES;
				CLANG_ANALYZER_NONNULL = YES;
				CLANG_ANALYZER_NUMBER_OBJECT_CONVERSION = YES_AGGRESSIVE;
				CLANG_CXX_LANGUAGE_STANDARD = "gnu++20";
				CLANG_ENABLE_MODULES = YES;
				CLANG_ENABLE_OBJC_ARC = YES;
				CLANG_ENABLE_OBJC_WEAK = YES;
				CLANG_WARN_BLOCK_CAPTURE_AUTORELEASING = YES;
				CLANG_WARN_BOOL_CONVERSION = YES;
				CLANG_WARN_COMMA = YES;
				CLANG_WARN_CONSTANT_CONVERSION = YES;
				CLANG_WARN_DEPRECATED_OBJC_IMPLEMENTATIONS = YES;
				CLANG_WARN_DIRECT_OBJC_ISA_USAGE = YES_ERROR;
				CLANG_WARN_DOCUMENTATION_COMMENTS = YES;
				CLANG_WARN_EMPTY_BODY = YES;
				CLANG_WARN_ENUM_CONVERSION = YES;
				CLANG_WARN_INFINITE_RECURSION = YES;
				CLANG_WARN_INT_CONVERSION = YES;
				CLANG_WARN_NON_LITERAL_NULL_CONVERSION = YES;
				CLANG_WARN_OBJC_IMPLICIT_RETAIN_SELF = YES;
				CLANG_WARN_OBJC_LITERAL_CONVERSION = YES;
				CLANG_WARN_OBJC_ROOT_CLASS = YES_ERROR;
				CLANG_WARN_QUOTED_INCLUDE_IN_FRAMEWORK_HEADER = YES;
				CLANG_WARN_RANGE_LOOP_ANALYSIS = YES;
				CLANG_WARN_STRICT_PROTOTYPES = YES;
				CLANG_WARN_SUSPICIOUS_MOVE = YES;
				CLANG_WARN_UNGUARDED_AVAILABILITY = YES_AGGRESSIVE;
				CLANG_WARN_UNREACHABLE_CODE = YES;
				CLANG_WARN__DUPLICATE_METHOD_MATCH = YES;
				COPY_PHASE_STRIP = NO;
				DEBUG_INFORMATION_FORMAT = "dwarf-with-dsym";
				ENABLE_NS_ASSERTIONS = NO;
				ENABLE_STRICT_OBJC_MSGSEND = YES;
				ENABLE_USER_SCRIPT_SANDBOXING = YES;
				GCC_C_LANGUAGE_STANDARD = gnu17;
				GCC_NO_COMMON_BLOCKS = YES;
				GCC_WARN_64_TO_32_BIT_CONVERSION = YES;
				GCC_WARN_ABOUT_RETURN_TYPE = YES_ERROR;
				GCC_WARN_UNDECLARED_SELECTOR = YES;
				GCC_WARN_UNINITIALIZED_AUTOS = YES_AGGRESSIVE;
				GCC_WARN_UNUSED_FUNCTION = YES;
				GCC_WARN_UNUSED_VARIABLE = YES;
				IPHONEOS_DEPLOYMENT_TARGET = 18.0;
				LOCALIZATION_PREFERS_STRING_CATALOGS = YES;
				MTL_ENABLE_DEBUG_INFO = NO;
				MTL_FAST_MATH = YES;
				SDKROOT = iphoneos;
				SWIFT_COMPILATION_MODE = wholemodule;
				VALIDATE_PRODUCT = YES;
			};
			name = Release;
		};
		2BE5AD5D2C9EC9040094F3C3 /* Debug */ = {
			isa = XCBuildConfiguration;
			buildSettings = {
				ASSETCATALOG_COMPILER_APPICON_NAME = AppIcon;
				ASSETCATALOG_COMPILER_GLOBAL_ACCENT_COLOR_NAME = AccentColor;
				CODE_SIGN_STYLE = Automatic;
				CURRENT_PROJECT_VERSION = 1;
				DEVELOPMENT_ASSET_PATHS = "\"Macro/Preview Content\"";
				ENABLE_PREVIEWS = YES;
				GENERATE_INFOPLIST_FILE = YES;
				INFOPLIST_KEY_UIApplicationSceneManifest_Generation = YES;
				INFOPLIST_KEY_UIApplicationSupportsIndirectInputEvents = YES;
				INFOPLIST_KEY_UILaunchScreen_Generation = YES;
				INFOPLIST_KEY_UISupportedInterfaceOrientations_iPad = "UIInterfaceOrientationPortrait UIInterfaceOrientationPortraitUpsideDown UIInterfaceOrientationLandscapeLeft UIInterfaceOrientationLandscapeRight";
				INFOPLIST_KEY_UISupportedInterfaceOrientations_iPhone = "UIInterfaceOrientationPortrait UIInterfaceOrientationLandscapeLeft UIInterfaceOrientationLandscapeRight";
				LD_RUNPATH_SEARCH_PATHS = (
					"$(inherited)",
					"@executable_path/Frameworks",
				);
				MARKETING_VERSION = 1.0;
				PRODUCT_BUNDLE_IDENTIFIER = Hanbae.Macro;
				PRODUCT_NAME = "$(TARGET_NAME)";
				SWIFT_EMIT_LOC_STRINGS = YES;
				SWIFT_VERSION = 5.0;
				TARGETED_DEVICE_FAMILY = "1,2";
			};
			name = Debug;
		};
		2BE5AD5E2C9EC9040094F3C3 /* Release */ = {
			isa = XCBuildConfiguration;
			buildSettings = {
				ASSETCATALOG_COMPILER_APPICON_NAME = AppIcon;
				ASSETCATALOG_COMPILER_GLOBAL_ACCENT_COLOR_NAME = AccentColor;
				CODE_SIGN_STYLE = Automatic;
				CURRENT_PROJECT_VERSION = 1;
				DEVELOPMENT_ASSET_PATHS = "\"Macro/Preview Content\"";
				ENABLE_PREVIEWS = YES;
				GENERATE_INFOPLIST_FILE = YES;
				INFOPLIST_KEY_UIApplicationSceneManifest_Generation = YES;
				INFOPLIST_KEY_UIApplicationSupportsIndirectInputEvents = YES;
				INFOPLIST_KEY_UILaunchScreen_Generation = YES;
				INFOPLIST_KEY_UISupportedInterfaceOrientations_iPad = "UIInterfaceOrientationPortrait UIInterfaceOrientationPortraitUpsideDown UIInterfaceOrientationLandscapeLeft UIInterfaceOrientationLandscapeRight";
				INFOPLIST_KEY_UISupportedInterfaceOrientations_iPhone = "UIInterfaceOrientationPortrait UIInterfaceOrientationLandscapeLeft UIInterfaceOrientationLandscapeRight";
				LD_RUNPATH_SEARCH_PATHS = (
					"$(inherited)",
					"@executable_path/Frameworks",
				);
				MARKETING_VERSION = 1.0;
				PRODUCT_BUNDLE_IDENTIFIER = Hanbae.Macro;
				PRODUCT_NAME = "$(TARGET_NAME)";
				SWIFT_EMIT_LOC_STRINGS = YES;
				SWIFT_VERSION = 5.0;
				TARGETED_DEVICE_FAMILY = "1,2";
			};
			name = Release;
		};
		2BE5AD602C9EC9040094F3C3 /* Debug */ = {
			isa = XCBuildConfiguration;
			buildSettings = {
				BUNDLE_LOADER = "$(TEST_HOST)";
				CODE_SIGN_STYLE = Automatic;
				CURRENT_PROJECT_VERSION = 1;
				GENERATE_INFOPLIST_FILE = YES;
				IPHONEOS_DEPLOYMENT_TARGET = 18.0;
				MARKETING_VERSION = 1.0;
				PRODUCT_BUNDLE_IDENTIFIER = Hanbae.MacroTests;
				PRODUCT_NAME = "$(TARGET_NAME)";
				SWIFT_EMIT_LOC_STRINGS = NO;
				SWIFT_VERSION = 5.0;
				TARGETED_DEVICE_FAMILY = "1,2";
				TEST_HOST = "$(BUILT_PRODUCTS_DIR)/Macro.app/$(BUNDLE_EXECUTABLE_FOLDER_PATH)/Macro";
			};
			name = Debug;
		};
		2BE5AD612C9EC9040094F3C3 /* Release */ = {
			isa = XCBuildConfiguration;
			buildSettings = {
				BUNDLE_LOADER = "$(TEST_HOST)";
				CODE_SIGN_STYLE = Automatic;
				CURRENT_PROJECT_VERSION = 1;
				GENERATE_INFOPLIST_FILE = YES;
				IPHONEOS_DEPLOYMENT_TARGET = 18.0;
				MARKETING_VERSION = 1.0;
				PRODUCT_BUNDLE_IDENTIFIER = Hanbae.MacroTests;
				PRODUCT_NAME = "$(TARGET_NAME)";
				SWIFT_EMIT_LOC_STRINGS = NO;
				SWIFT_VERSION = 5.0;
				TARGETED_DEVICE_FAMILY = "1,2";
				TEST_HOST = "$(BUILT_PRODUCTS_DIR)/Macro.app/$(BUNDLE_EXECUTABLE_FOLDER_PATH)/Macro";
			};
			name = Release;
		};
		2BE5AD632C9EC9040094F3C3 /* Debug */ = {
			isa = XCBuildConfiguration;
			buildSettings = {
				CODE_SIGN_STYLE = Automatic;
				CURRENT_PROJECT_VERSION = 1;
				GENERATE_INFOPLIST_FILE = YES;
				MARKETING_VERSION = 1.0;
				PRODUCT_BUNDLE_IDENTIFIER = Hanbae.MacroUITests;
				PRODUCT_NAME = "$(TARGET_NAME)";
				SWIFT_EMIT_LOC_STRINGS = NO;
				SWIFT_VERSION = 5.0;
				TARGETED_DEVICE_FAMILY = "1,2";
				TEST_TARGET_NAME = Macro;
			};
			name = Debug;
		};
		2BE5AD642C9EC9040094F3C3 /* Release */ = {
			isa = XCBuildConfiguration;
			buildSettings = {
				CODE_SIGN_STYLE = Automatic;
				CURRENT_PROJECT_VERSION = 1;
				GENERATE_INFOPLIST_FILE = YES;
				MARKETING_VERSION = 1.0;
				PRODUCT_BUNDLE_IDENTIFIER = Hanbae.MacroUITests;
				PRODUCT_NAME = "$(TARGET_NAME)";
				SWIFT_EMIT_LOC_STRINGS = NO;
				SWIFT_VERSION = 5.0;
				TARGETED_DEVICE_FAMILY = "1,2";
				TEST_TARGET_NAME = Macro;
			};
			name = Release;
		};
/* End XCBuildConfiguration section */

/* Begin XCConfigurationList section */
		2BE5AD332C9EC9030094F3C3 /* Build configuration list for PBXProject "Macro" */ = {
			isa = XCConfigurationList;
			buildConfigurations = (
				2BE5AD5A2C9EC9040094F3C3 /* Debug */,
				2BE5AD5B2C9EC9040094F3C3 /* Release */,
			);
			defaultConfigurationIsVisible = 0;
			defaultConfigurationName = Release;
		};
		2BE5AD5C2C9EC9040094F3C3 /* Build configuration list for PBXNativeTarget "Macro" */ = {
			isa = XCConfigurationList;
			buildConfigurations = (
				2BE5AD5D2C9EC9040094F3C3 /* Debug */,
				2BE5AD5E2C9EC9040094F3C3 /* Release */,
			);
			defaultConfigurationIsVisible = 0;
			defaultConfigurationName = Release;
		};
		2BE5AD5F2C9EC9040094F3C3 /* Build configuration list for PBXNativeTarget "MacroTests" */ = {
			isa = XCConfigurationList;
			buildConfigurations = (
				2BE5AD602C9EC9040094F3C3 /* Debug */,
				2BE5AD612C9EC9040094F3C3 /* Release */,
			);
			defaultConfigurationIsVisible = 0;
			defaultConfigurationName = Release;
		};
		2BE5AD622C9EC9040094F3C3 /* Build configuration list for PBXNativeTarget "MacroUITests" */ = {
			isa = XCConfigurationList;
			buildConfigurations = (
				2BE5AD632C9EC9040094F3C3 /* Debug */,
				2BE5AD642C9EC9040094F3C3 /* Release */,
			);
			defaultConfigurationIsVisible = 0;
			defaultConfigurationName = Release;
		};
/* End XCConfigurationList section */
	};
	rootObject = 2BE5AD302C9EC9030094F3C3 /* Project object */;
}
